Microsoft Visual Studio Solution File, Format Version 12.00
# Visual Studio 2013
VisualStudioVersion = 12.0.31101.0
MinimumVisualStudioVersion = 10.0.40219.1
Project("{FAE04EC0-301F-11D3-BF4B-00C04F79EFBC}") = "AzureExplore", "AzureExplore\AzureExplore\AzureExplore.csproj", "{AEEA0205-130E-4E58-8CFE-54AB09A1E5D4}"
EndProject
Project("{FAE04EC0-301F-11D3-BF4B-00C04F79EFBC}") = "AzureExplore.iOS", "AzureExplore\AzureExplore.iOS\AzureExplore.iOS.csproj", "{52545FB0-1B50-43D1-AC93-5B13AFD10CF7}"
EndProject
Project("{FAE04EC0-301F-11D3-BF4B-00C04F79EFBC}") = "AzureExplore.Android", "AzureExplore\AzureExplore.Android\AzureExplore.Android.csproj", "{0E7E211C-0CC5-465B-8661-10A6070F6751}"
EndProject
Project("{FAE04EC0-301F-11D3-BF4B-00C04F79EFBC}") = "AzureExplore.WinPhone", "AzureExplore\AzureExplore.WinPhone\AzureExplore.WinPhone.csproj", "{13925A16-BF36-4FC3-926A-F0052271F326}"
EndProject
Global
	GlobalSection(SolutionConfigurationPlatforms) = preSolution
		Ad-Hoc|Any CPU = Ad-Hoc|Any CPU
		Ad-Hoc|ARM = Ad-Hoc|ARM
		Ad-Hoc|iPhone = Ad-Hoc|iPhone
		Ad-Hoc|iPhoneSimulator = Ad-Hoc|iPhoneSimulator
		Ad-Hoc|Mixed Platforms = Ad-Hoc|Mixed Platforms
		Ad-Hoc|x86 = Ad-Hoc|x86
		AppStore|Any CPU = AppStore|Any CPU
		AppStore|ARM = AppStore|ARM
		AppStore|iPhone = AppStore|iPhone
		AppStore|iPhoneSimulator = AppStore|iPhoneSimulator
		AppStore|Mixed Platforms = AppStore|Mixed Platforms
		AppStore|x86 = AppStore|x86
		Debug|Any CPU = Debug|Any CPU
		Debug|ARM = Debug|ARM
		Debug|iPhone = Debug|iPhone
		Debug|iPhoneSimulator = Debug|iPhoneSimulator
		Debug|Mixed Platforms = Debug|Mixed Platforms
		Debug|x86 = Debug|x86
		Release|Any CPU = Release|Any CPU
		Release|ARM = Release|ARM
		Release|iPhone = Release|iPhone
		Release|iPhoneSimulator = Release|iPhoneSimulator
		Release|Mixed Platforms = Release|Mixed Platforms
		Release|x86 = Release|x86
	EndGlobalSection
	GlobalSection(ProjectConfigurationPlatforms) = postSolution
		{AEEA0205-130E-4E58-8CFE-54AB09A1E5D4}.Ad-Hoc|Any CPU.ActiveCfg = Release|Any CPU
		{AEEA0205-130E-4E58-8CFE-54AB09A1E5D4}.Ad-Hoc|Any CPU.Build.0 = Release|Any CPU
		{AEEA0205-130E-4E58-8CFE-54AB09A1E5D4}.Ad-Hoc|ARM.ActiveCfg = Release|Any CPU
		{AEEA0205-130E-4E58-8CFE-54AB09A1E5D4}.Ad-Hoc|iPhone.ActiveCfg = Release|Any CPU
		{AEEA0205-130E-4E58-8CFE-54AB09A1E5D4}.Ad-Hoc|iPhoneSimulator.ActiveCfg = Release|Any CPU
		{AEEA0205-130E-4E58-8CFE-54AB09A1E5D4}.Ad-Hoc|Mixed Platforms.ActiveCfg = Release|Any CPU
		{AEEA0205-130E-4E58-8CFE-54AB09A1E5D4}.Ad-Hoc|Mixed Platforms.Build.0 = Release|Any CPU
		{AEEA0205-130E-4E58-8CFE-54AB09A1E5D4}.Ad-Hoc|x86.ActiveCfg = Release|Any CPU
		{AEEA0205-130E-4E58-8CFE-54AB09A1E5D4}.AppStore|Any CPU.ActiveCfg = Release|Any CPU
		{AEEA0205-130E-4E58-8CFE-54AB09A1E5D4}.AppStore|Any CPU.Build.0 = Release|Any CPU
		{AEEA0205-130E-4E58-8CFE-54AB09A1E5D4}.AppStore|ARM.ActiveCfg = Release|Any CPU
		{AEEA0205-130E-4E58-8CFE-54AB09A1E5D4}.AppStore|iPhone.ActiveCfg = Release|Any CPU
		{AEEA0205-130E-4E58-8CFE-54AB09A1E5D4}.AppStore|iPhoneSimulator.ActiveCfg = Release|Any CPU
		{AEEA0205-130E-4E58-8CFE-54AB09A1E5D4}.AppStore|Mixed Platforms.ActiveCfg = Release|Any CPU
		{AEEA0205-130E-4E58-8CFE-54AB09A1E5D4}.AppStore|Mixed Platforms.Build.0 = Release|Any CPU
		{AEEA0205-130E-4E58-8CFE-54AB09A1E5D4}.AppStore|x86.ActiveCfg = Release|Any CPU
		{AEEA0205-130E-4E58-8CFE-54AB09A1E5D4}.Debug|Any CPU.ActiveCfg = Debug|Any CPU
		{AEEA0205-130E-4E58-8CFE-54AB09A1E5D4}.Debug|Any CPU.Build.0 = Debug|Any CPU
		{AEEA0205-130E-4E58-8CFE-54AB09A1E5D4}.Debug|ARM.ActiveCfg = Debug|Any CPU
		{AEEA0205-130E-4E58-8CFE-54AB09A1E5D4}.Debug|iPhone.ActiveCfg = Debug|Any CPU
		{AEEA0205-130E-4E58-8CFE-54AB09A1E5D4}.Debug|iPhoneSimulator.ActiveCfg = Debug|Any CPU
		{AEEA0205-130E-4E58-8CFE-54AB09A1E5D4}.Debug|Mixed Platforms.ActiveCfg = Debug|Any CPU
		{AEEA0205-130E-4E58-8CFE-54AB09A1E5D4}.Debug|Mixed Platforms.Build.0 = Debug|Any CPU
		{AEEA0205-130E-4E58-8CFE-54AB09A1E5D4}.Debug|x86.ActiveCfg = Debug|Any CPU
		{AEEA0205-130E-4E58-8CFE-54AB09A1E5D4}.Release|Any CPU.ActiveCfg = Release|Any CPU
		{AEEA0205-130E-4E58-8CFE-54AB09A1E5D4}.Release|Any CPU.Build.0 = Release|Any CPU
		{AEEA0205-130E-4E58-8CFE-54AB09A1E5D4}.Release|ARM.ActiveCfg = Release|Any CPU
		{AEEA0205-130E-4E58-8CFE-54AB09A1E5D4}.Release|iPhone.ActiveCfg = Release|Any CPU
		{AEEA0205-130E-4E58-8CFE-54AB09A1E5D4}.Release|iPhoneSimulator.ActiveCfg = Release|Any CPU
		{AEEA0205-130E-4E58-8CFE-54AB09A1E5D4}.Release|Mixed Platforms.ActiveCfg = Release|Any CPU
		{AEEA0205-130E-4E58-8CFE-54AB09A1E5D4}.Release|Mixed Platforms.Build.0 = Release|Any CPU
		{AEEA0205-130E-4E58-8CFE-54AB09A1E5D4}.Release|x86.ActiveCfg = Release|Any CPU
		{52545FB0-1B50-43D1-AC93-5B13AFD10CF7}.Ad-Hoc|Any CPU.ActiveCfg = Ad-Hoc|iPhone
		{52545FB0-1B50-43D1-AC93-5B13AFD10CF7}.Ad-Hoc|ARM.ActiveCfg = Ad-Hoc|iPhone
		{52545FB0-1B50-43D1-AC93-5B13AFD10CF7}.Ad-Hoc|iPhone.ActiveCfg = Ad-Hoc|iPhone
		{52545FB0-1B50-43D1-AC93-5B13AFD10CF7}.Ad-Hoc|iPhone.Build.0 = Ad-Hoc|iPhone
		{52545FB0-1B50-43D1-AC93-5B13AFD10CF7}.Ad-Hoc|iPhoneSimulator.ActiveCfg = Ad-Hoc|iPhoneSimulator
		{52545FB0-1B50-43D1-AC93-5B13AFD10CF7}.Ad-Hoc|iPhoneSimulator.Build.0 = Ad-Hoc|iPhoneSimulator
		{52545FB0-1B50-43D1-AC93-5B13AFD10CF7}.Ad-Hoc|Mixed Platforms.ActiveCfg = Ad-Hoc|iPhone
		{52545FB0-1B50-43D1-AC93-5B13AFD10CF7}.Ad-Hoc|Mixed Platforms.Build.0 = Ad-Hoc|iPhone
		{52545FB0-1B50-43D1-AC93-5B13AFD10CF7}.Ad-Hoc|x86.ActiveCfg = Ad-Hoc|iPhone
		{52545FB0-1B50-43D1-AC93-5B13AFD10CF7}.AppStore|Any CPU.ActiveCfg = AppStore|iPhone
		{52545FB0-1B50-43D1-AC93-5B13AFD10CF7}.AppStore|ARM.ActiveCfg = AppStore|iPhone
		{52545FB0-1B50-43D1-AC93-5B13AFD10CF7}.AppStore|iPhone.ActiveCfg = AppStore|iPhone
		{52545FB0-1B50-43D1-AC93-5B13AFD10CF7}.AppStore|iPhone.Build.0 = AppStore|iPhone
		{52545FB0-1B50-43D1-AC93-5B13AFD10CF7}.AppStore|iPhoneSimulator.ActiveCfg = AppStore|iPhoneSimulator
		{52545FB0-1B50-43D1-AC93-5B13AFD10CF7}.AppStore|iPhoneSimulator.Build.0 = AppStore|iPhoneSimulator
		{52545FB0-1B50-43D1-AC93-5B13AFD10CF7}.AppStore|Mixed Platforms.ActiveCfg = AppStore|iPhone
		{52545FB0-1B50-43D1-AC93-5B13AFD10CF7}.AppStore|Mixed Platforms.Build.0 = AppStore|iPhone
		{52545FB0-1B50-43D1-AC93-5B13AFD10CF7}.AppStore|x86.ActiveCfg = AppStore|iPhone
		{52545FB0-1B50-43D1-AC93-5B13AFD10CF7}.Debug|Any CPU.ActiveCfg = Debug|iPhone
		{52545FB0-1B50-43D1-AC93-5B13AFD10CF7}.Debug|ARM.ActiveCfg = Debug|iPhone
		{52545FB0-1B50-43D1-AC93-5B13AFD10CF7}.Debug|iPhone.ActiveCfg = Debug|iPhone
		{52545FB0-1B50-43D1-AC93-5B13AFD10CF7}.Debug|iPhone.Build.0 = Debug|iPhone
		{52545FB0-1B50-43D1-AC93-5B13AFD10CF7}.Debug|iPhoneSimulator.ActiveCfg = Debug|iPhoneSimulator
		{52545FB0-1B50-43D1-AC93-5B13AFD10CF7}.Debug|iPhoneSimulator.Build.0 = Debug|iPhoneSimulator
		{52545FB0-1B50-43D1-AC93-5B13AFD10CF7}.Debug|Mixed Platforms.ActiveCfg = Debug|iPhone
		{52545FB0-1B50-43D1-AC93-5B13AFD10CF7}.Debug|Mixed Platforms.Build.0 = Debug|iPhone
		{52545FB0-1B50-43D1-AC93-5B13AFD10CF7}.Debug|x86.ActiveCfg = Debug|iPhone
		{52545FB0-1B50-43D1-AC93-5B13AFD10CF7}.Release|Any CPU.ActiveCfg = Release|iPhone
		{52545FB0-1B50-43D1-AC93-5B13AFD10CF7}.Release|ARM.ActiveCfg = Release|iPhone
		{52545FB0-1B50-43D1-AC93-5B13AFD10CF7}.Release|iPhone.ActiveCfg = Release|iPhone
		{52545FB0-1B50-43D1-AC93-5B13AFD10CF7}.Release|iPhone.Build.0 = Release|iPhone
		{52545FB0-1B50-43D1-AC93-5B13AFD10CF7}.Release|iPhoneSimulator.ActiveCfg = Release|iPhoneSimulator
		{52545FB0-1B50-43D1-AC93-5B13AFD10CF7}.Release|iPhoneSimulator.Build.0 = Release|iPhoneSimulator
		{52545FB0-1B50-43D1-AC93-5B13AFD10CF7}.Release|Mixed Platforms.ActiveCfg = Release|iPhone
		{52545FB0-1B50-43D1-AC93-5B13AFD10CF7}.Release|Mixed Platforms.Build.0 = Release|iPhone
		{52545FB0-1B50-43D1-AC93-5B13AFD10CF7}.Release|x86.ActiveCfg = Release|iPhone
		{0E7E211C-0CC5-465B-8661-10A6070F6751}.Ad-Hoc|Any CPU.ActiveCfg = Release|Any CPU
		{0E7E211C-0CC5-465B-8661-10A6070F6751}.Ad-Hoc|Any CPU.Build.0 = Release|Any CPU
		{0E7E211C-0CC5-465B-8661-10A6070F6751}.Ad-Hoc|Any CPU.Deploy.0 = Release|Any CPU
		{0E7E211C-0CC5-465B-8661-10A6070F6751}.Ad-Hoc|ARM.ActiveCfg = Release|Any CPU
		{0E7E211C-0CC5-465B-8661-10A6070F6751}.Ad-Hoc|iPhone.ActiveCfg = Release|Any CPU
		{0E7E211C-0CC5-465B-8661-10A6070F6751}.Ad-Hoc|iPhoneSimulator.ActiveCfg = Release|Any CPU
		{0E7E211C-0CC5-465B-8661-10A6070F6751}.Ad-Hoc|Mixed Platforms.ActiveCfg = Release|Any CPU
		{0E7E211C-0CC5-465B-8661-10A6070F6751}.Ad-Hoc|Mixed Platforms.Build.0 = Release|Any CPU
		{0E7E211C-0CC5-465B-8661-10A6070F6751}.Ad-Hoc|Mixed Platforms.Deploy.0 = Release|Any CPU
		{0E7E211C-0CC5-465B-8661-10A6070F6751}.Ad-Hoc|x86.ActiveCfg = Release|Any CPU
		{0E7E211C-0CC5-465B-8661-10A6070F6751}.AppStore|Any CPU.ActiveCfg = Release|Any CPU
		{0E7E211C-0CC5-465B-8661-10A6070F6751}.AppStore|Any CPU.Build.0 = Release|Any CPU
		{0E7E211C-0CC5-465B-8661-10A6070F6751}.AppStore|Any CPU.Deploy.0 = Release|Any CPU
		{0E7E211C-0CC5-465B-8661-10A6070F6751}.AppStore|ARM.ActiveCfg = Release|Any CPU
		{0E7E211C-0CC5-465B-8661-10A6070F6751}.AppStore|iPhone.ActiveCfg = Release|Any CPU
		{0E7E211C-0CC5-465B-8661-10A6070F6751}.AppStore|iPhoneSimulator.ActiveCfg = Release|Any CPU
		{0E7E211C-0CC5-465B-8661-10A6070F6751}.AppStore|Mixed Platforms.ActiveCfg = Release|Any CPU
		{0E7E211C-0CC5-465B-8661-10A6070F6751}.AppStore|Mixed Platforms.Build.0 = Release|Any CPU
		{0E7E211C-0CC5-465B-8661-10A6070F6751}.AppStore|Mixed Platforms.Deploy.0 = Release|Any CPU
		{0E7E211C-0CC5-465B-8661-10A6070F6751}.AppStore|x86.ActiveCfg = Release|Any CPU
		{0E7E211C-0CC5-465B-8661-10A6070F6751}.Debug|Any CPU.ActiveCfg = Debug|Any CPU
		{0E7E211C-0CC5-465B-8661-10A6070F6751}.Debug|Any CPU.Build.0 = Debug|Any CPU
		{0E7E211C-0CC5-465B-8661-10A6070F6751}.Debug|Any CPU.Deploy.0 = Debug|Any CPU
		{0E7E211C-0CC5-465B-8661-10A6070F6751}.Debug|ARM.ActiveCfg = Debug|Any CPU
		{0E7E211C-0CC5-465B-8661-10A6070F6751}.Debug|iPhone.ActiveCfg = Debug|Any CPU
		{0E7E211C-0CC5-465B-8661-10A6070F6751}.Debug|iPhoneSimulator.ActiveCfg = Debug|Any CPU
		{0E7E211C-0CC5-465B-8661-10A6070F6751}.Debug|Mixed Platforms.ActiveCfg = Debug|Any CPU
		{0E7E211C-0CC5-465B-8661-10A6070F6751}.Debug|Mixed Platforms.Build.0 = Debug|Any CPU
		{0E7E211C-0CC5-465B-8661-10A6070F6751}.Debug|Mixed Platforms.Deploy.0 = Debug|Any CPU
		{0E7E211C-0CC5-465B-8661-10A6070F6751}.Debug|x86.ActiveCfg = Debug|Any CPU
		{0E7E211C-0CC5-465B-8661-10A6070F6751}.Release|Any CPU.ActiveCfg = Release|Any CPU
		{0E7E211C-0CC5-465B-8661-10A6070F6751}.Release|Any CPU.Build.0 = Release|Any CPU
		{0E7E211C-0CC5-465B-8661-10A6070F6751}.Release|Any CPU.Deploy.0 = Release|Any CPU
		{0E7E211C-0CC5-465B-8661-10A6070F6751}.Release|ARM.ActiveCfg = Release|Any CPU
		{0E7E211C-0CC5-465B-8661-10A6070F6751}.Release|iPhone.ActiveCfg = Release|Any CPU
		{0E7E211C-0CC5-465B-8661-10A6070F6751}.Release|iPhoneSimulator.ActiveCfg = Release|Any CPU
		{0E7E211C-0CC5-465B-8661-10A6070F6751}.Release|Mixed Platforms.ActiveCfg = Release|Any CPU
		{0E7E211C-0CC5-465B-8661-10A6070F6751}.Release|Mixed Platforms.Build.0 = Release|Any CPU
		{0E7E211C-0CC5-465B-8661-10A6070F6751}.Release|Mixed Platforms.Deploy.0 = Release|Any CPU
		{0E7E211C-0CC5-465B-8661-10A6070F6751}.Release|x86.ActiveCfg = Release|Any CPU
		{13925A16-BF36-4FC3-926A-F0052271F326}.Ad-Hoc|Any CPU.ActiveCfg = Release|Any CPU
		{13925A16-BF36-4FC3-926A-F0052271F326}.Ad-Hoc|Any CPU.Build.0 = Release|Any CPU
		{13925A16-BF36-4FC3-926A-F0052271F326}.Ad-Hoc|Any CPU.Deploy.0 = Release|Any CPU
		{13925A16-BF36-4FC3-926A-F0052271F326}.Ad-Hoc|ARM.ActiveCfg = Release|ARM
		{13925A16-BF36-4FC3-926A-F0052271F326}.Ad-Hoc|ARM.Build.0 = Release|ARM
		{13925A16-BF36-4FC3-926A-F0052271F326}.Ad-Hoc|ARM.Deploy.0 = Release|ARM
		{13925A16-BF36-4FC3-926A-F0052271F326}.Ad-Hoc|iPhone.ActiveCfg = Release|Any CPU
		{13925A16-BF36-4FC3-926A-F0052271F326}.Ad-Hoc|iPhoneSimulator.ActiveCfg = Release|Any CPU
		{13925A16-BF36-4FC3-926A-F0052271F326}.Ad-Hoc|Mixed Platforms.ActiveCfg = Release|x86
		{13925A16-BF36-4FC3-926A-F0052271F326}.Ad-Hoc|Mixed Platforms.Build.0 = Release|x86
		{13925A16-BF36-4FC3-926A-F0052271F326}.Ad-Hoc|Mixed Platforms.Deploy.0 = Release|x86
		{13925A16-BF36-4FC3-926A-F0052271F326}.Ad-Hoc|x86.ActiveCfg = Release|x86
		{13925A16-BF36-4FC3-926A-F0052271F326}.Ad-Hoc|x86.Build.0 = Release|x86
		{13925A16-BF36-4FC3-926A-F0052271F326}.Ad-Hoc|x86.Deploy.0 = Release|x86
		{13925A16-BF36-4FC3-926A-F0052271F326}.AppStore|Any CPU.ActiveCfg = Release|Any CPU
		{13925A16-BF36-4FC3-926A-F0052271F326}.AppStore|Any CPU.Build.0 = Release|Any CPU
		{13925A16-BF36-4FC3-926A-F0052271F326}.AppStore|Any CPU.Deploy.0 = Release|Any CPU
		{13925A16-BF36-4FC3-926A-F0052271F326}.AppStore|ARM.ActiveCfg = Release|ARM
		{13925A16-BF36-4FC3-926A-F0052271F326}.AppStore|ARM.Build.0 = Release|ARM
		{13925A16-BF36-4FC3-926A-F0052271F326}.AppStore|ARM.Deploy.0 = Release|ARM
		{13925A16-BF36-4FC3-926A-F0052271F326}.AppStore|iPhone.ActiveCfg = Release|Any CPU
		{13925A16-BF36-4FC3-926A-F0052271F326}.AppStore|iPhoneSimulator.ActiveCfg = Release|Any CPU
		{13925A16-BF36-4FC3-926A-F0052271F326}.AppStore|Mixed Platforms.ActiveCfg = Release|x86
		{13925A16-BF36-4FC3-926A-F0052271F326}.AppStore|Mixed Platforms.Build.0 = Release|x86
		{13925A16-BF36-4FC3-926A-F0052271F326}.AppStore|Mixed Platforms.Deploy.0 = Release|x86
		{13925A16-BF36-4FC3-926A-F0052271F326}.AppStore|x86.ActiveCfg = Release|x86
		{13925A16-BF36-4FC3-926A-F0052271F326}.AppStore|x86.Build.0 = Release|x86
		{13925A16-BF36-4FC3-926A-F0052271F326}.AppStore|x86.Deploy.0 = Release|x86
		{13925A16-BF36-4FC3-926A-F0052271F326}.Debug|Any CPU.ActiveCfg = Debug|Any CPU
		{13925A16-BF36-4FC3-926A-F0052271F326}.Debug|Any CPU.Build.0 = Debug|Any CPU
		{13925A16-BF36-4FC3-926A-F0052271F326}.Debug|Any CPU.Deploy.0 = Debug|Any CPU
		{13925A16-BF36-4FC3-926A-F0052271F326}.Debug|ARM.ActiveCfg = Debug|ARM
		{13925A16-BF36-4FC3-926A-F0052271F326}.Debug|ARM.Build.0 = Debug|ARM
		{13925A16-BF36-4FC3-926A-F0052271F326}.Debug|ARM.Deploy.0 = Debug|ARM
		{13925A16-BF36-4FC3-926A-F0052271F326}.Debug|iPhone.ActiveCfg = Debug|Any CPU
		{13925A16-BF36-4FC3-926A-F0052271F326}.Debug|iPhoneSimulator.ActiveCfg = Debug|Any CPU
		{13925A16-BF36-4FC3-926A-F0052271F326}.Debug|Mixed Platforms.ActiveCfg = Debug|x86
		{13925A16-BF36-4FC3-926A-F0052271F326}.Debug|Mixed Platforms.Build.0 = Debug|x86
		{13925A16-BF36-4FC3-926A-F0052271F326}.Debug|Mixed Platforms.Deploy.0 = Debug|x86
		{13925A16-BF36-4FC3-926A-F0052271F326}.Debug|x86.ActiveCfg = Debug|x86
		{13925A16-BF36-4FC3-926A-F0052271F326}.Debug|x86.Build.0 = Debug|x86
		{13925A16-BF36-4FC3-926A-F0052271F326}.Debug|x86.Deploy.0 = Debug|x86
		{13925A16-BF36-4FC3-926A-F0052271F326}.Release|Any CPU.ActiveCfg = Release|Any CPU
		{13925A16-BF36-4FC3-926A-F0052271F326}.Release|Any CPU.Build.0 = Release|Any CPU
		{13925A16-BF36-4FC3-926A-F0052271F326}.Release|Any CPU.Deploy.0 = Release|Any CPU
		{13925A16-BF36-4FC3-926A-F0052271F326}.Release|ARM.ActiveCfg = Release|ARM
		{13925A16-BF36-4FC3-926A-F0052271F326}.Release|ARM.Build.0 = Release|ARM
		{13925A16-BF36-4FC3-926A-F0052271F326}.Release|ARM.Deploy.0 = Release|ARM
		{13925A16-BF36-4FC3-926A-F0052271F326}.Release|iPhone.ActiveCfg = Release|Any CPU
		{13925A16-BF36-4FC3-926A-F0052271F326}.Release|iPhoneSimulator.ActiveCfg = Release|Any CPU
		{13925A16-BF36-4FC3-926A-F0052271F326}.Release|Mixed Platforms.ActiveCfg = Release|x86
		{13925A16-BF36-4FC3-926A-F0052271F326}.Release|Mixed Platforms.Build.0 = Release|x86
		{13925A16-BF36-4FC3-926A-F0052271F326}.Release|Mixed Platforms.Deploy.0 = Release|x86
		{13925A16-BF36-4FC3-926A-F0052271F326}.Release|x86.ActiveCfg = Release|x86
		{13925A16-BF36-4FC3-926A-F0052271F326}.Release|x86.Build.0 = Release|x86
		{13925A16-BF36-4FC3-926A-F0052271F326}.Release|x86.Deploy.0 = Release|x86
	EndGlobalSection
	GlobalSection(SolutionProperties) = preSolution
		HideSolutionNode = FALSE
	EndGlobalSection
EndGlobal

